// !$*UTF8*$!
{
	archiveVersion = 1;
	classes = {
	};
	objectVersion = 56;
	objects = {

/* Begin PBXBuildFile section */
		126FEEF62A773AA000CB1A1C /* Bindable.swift in Sources */ = {isa = PBXBuildFile; fileRef = 126FEEF52A773AA000CB1A1C /* Bindable.swift */; };
		129B2C332A7406CB00D73E71 /* AppDelegate.swift in Sources */ = {isa = PBXBuildFile; fileRef = 129B2C322A7406CB00D73E71 /* AppDelegate.swift */; };
		129B2C352A7406CB00D73E71 /* SceneDelegate.swift in Sources */ = {isa = PBXBuildFile; fileRef = 129B2C342A7406CB00D73E71 /* SceneDelegate.swift */; };
		129B2C3A2A7406CB00D73E71 /* Main.storyboard in Resources */ = {isa = PBXBuildFile; fileRef = 129B2C382A7406CB00D73E71 /* Main.storyboard */; };
		129B2C3C2A7406CE00D73E71 /* Assets.xcassets in Resources */ = {isa = PBXBuildFile; fileRef = 129B2C3B2A7406CE00D73E71 /* Assets.xcassets */; };
		129B2C3F2A7406CE00D73E71 /* LaunchScreen.storyboard in Resources */ = {isa = PBXBuildFile; fileRef = 129B2C3D2A7406CE00D73E71 /* LaunchScreen.storyboard */; };
		129B2C4C2A74095300D73E71 /* WeatherViewController.swift in Sources */ = {isa = PBXBuildFile; fileRef = 129B2C4B2A74095300D73E71 /* WeatherViewController.swift */; };
		12E7D7C62A771C59007E1991 /* WeatherViewModel.swift in Sources */ = {isa = PBXBuildFile; fileRef = 12E7D7C52A771C59007E1991 /* WeatherViewModel.swift */; };
		12E7D7C82A771FA9007E1991 /* WeatherModel.swift in Sources */ = {isa = PBXBuildFile; fileRef = 12E7D7C72A771FA9007E1991 /* WeatherModel.swift */; };
		12E7D7CA2A7726BD007E1991 /* WeatherService.swift in Sources */ = {isa = PBXBuildFile; fileRef = 12E7D7C92A7726BD007E1991 /* WeatherService.swift */; };
		12E7D7CD2A7735AF007E1991 /* Resources.swift in Sources */ = {isa = PBXBuildFile; fileRef = 12E7D7CC2A7735AF007E1991 /* Resources.swift */; };
		971E66463C2CD02606620CB3 /* Pods_WeatherApp.framework in Frameworks */ = {isa = PBXBuildFile; fileRef = 7EC84835C1E025C4C989BE56 /* Pods_WeatherApp.framework */; };
/* End PBXBuildFile section */

/* Begin PBXFileReference section */
		126FEEF52A773AA000CB1A1C /* Bindable.swift */ = {isa = PBXFileReference; lastKnownFileType = sourcecode.swift; path = Bindable.swift; sourceTree = "<group>"; };
		129B2C2F2A7406CB00D73E71 /* WeatherApp.app */ = {isa = PBXFileReference; explicitFileType = wrapper.application; includeInIndex = 0; path = WeatherApp.app; sourceTree = BUILT_PRODUCTS_DIR; };
		129B2C322A7406CB00D73E71 /* AppDelegate.swift */ = {isa = PBXFileReference; lastKnownFileType = sourcecode.swift; path = AppDelegate.swift; sourceTree = "<group>"; };
		129B2C342A7406CB00D73E71 /* SceneDelegate.swift */ = {isa = PBXFileReference; lastKnownFileType = sourcecode.swift; path = SceneDelegate.swift; sourceTree = "<group>"; };
		129B2C392A7406CB00D73E71 /* Base */ = {isa = PBXFileReference; lastKnownFileType = file.storyboard; name = Base; path = Base.lproj/Main.storyboard; sourceTree = "<group>"; };
		129B2C3B2A7406CE00D73E71 /* Assets.xcassets */ = {isa = PBXFileReference; lastKnownFileType = folder.assetcatalog; path = Assets.xcassets; sourceTree = "<group>"; };
		129B2C3E2A7406CE00D73E71 /* Base */ = {isa = PBXFileReference; lastKnownFileType = file.storyboard; name = Base; path = Base.lproj/LaunchScreen.storyboard; sourceTree = "<group>"; };
		129B2C402A7406CE00D73E71 /* Info.plist */ = {isa = PBXFileReference; lastKnownFileType = text.plist.xml; path = Info.plist; sourceTree = "<group>"; };
		129B2C4B2A74095300D73E71 /* WeatherViewController.swift */ = {isa = PBXFileReference; lastKnownFileType = sourcecode.swift; path = WeatherViewController.swift; sourceTree = "<group>"; };
		12E7D7C52A771C59007E1991 /* WeatherViewModel.swift */ = {isa = PBXFileReference; lastKnownFileType = sourcecode.swift; path = WeatherViewModel.swift; sourceTree = "<group>"; };
		12E7D7C72A771FA9007E1991 /* WeatherModel.swift */ = {isa = PBXFileReference; lastKnownFileType = sourcecode.swift; path = WeatherModel.swift; sourceTree = "<group>"; };
		12E7D7C92A7726BD007E1991 /* WeatherService.swift */ = {isa = PBXFileReference; lastKnownFileType = sourcecode.swift; path = WeatherService.swift; sourceTree = "<group>"; };
		12E7D7CC2A7735AF007E1991 /* Resources.swift */ = {isa = PBXFileReference; lastKnownFileType = sourcecode.swift; path = Resources.swift; sourceTree = "<group>"; };
		241BFEB1EA254728DFAB574D /* Pods-WeatherApp.debug.xcconfig */ = {isa = PBXFileReference; includeInIndex = 1; lastKnownFileType = text.xcconfig; name = "Pods-WeatherApp.debug.xcconfig"; path = "Target Support Files/Pods-WeatherApp/Pods-WeatherApp.debug.xcconfig"; sourceTree = "<group>"; };
		7EC84835C1E025C4C989BE56 /* Pods_WeatherApp.framework */ = {isa = PBXFileReference; explicitFileType = wrapper.framework; includeInIndex = 0; path = Pods_WeatherApp.framework; sourceTree = BUILT_PRODUCTS_DIR; };
		F4E9BC1DEA516670BB36A69A /* Pods-WeatherApp.release.xcconfig */ = {isa = PBXFileReference; includeInIndex = 1; lastKnownFileType = text.xcconfig; name = "Pods-WeatherApp.release.xcconfig"; path = "Target Support Files/Pods-WeatherApp/Pods-WeatherApp.release.xcconfig"; sourceTree = "<group>"; };
/* End PBXFileReference section */

/* Begin PBXFrameworksBuildPhase section */
		129B2C2C2A7406CB00D73E71 /* Frameworks */ = {
			isa = PBXFrameworksBuildPhase;
			buildActionMask = 2147483647;
			files = (
				971E66463C2CD02606620CB3 /* Pods_WeatherApp.framework in Frameworks */,
			);
			runOnlyForDeploymentPostprocessing = 0;
		};
/* End PBXFrameworksBuildPhase section */

/* Begin PBXGroup section */
		126FEEF72A77E3D100CB1A1C /* Applications */ = {
			isa = PBXGroup;
			children = (
				129B2C322A7406CB00D73E71 /* AppDelegate.swift */,
				129B2C342A7406CB00D73E71 /* SceneDelegate.swift */,
			);
			path = Applications;
			sourceTree = "<group>";
		};
		129B2C262A7406CB00D73E71 = {
			isa = PBXGroup;
			children = (
				129B2C312A7406CB00D73E71 /* WeatherApp */,
				129B2C302A7406CB00D73E71 /* Products */,
				778CCD2DE22A792D10BBB3EC /* Pods */,
				E6425FD429CB8E5B30FCDCD9 /* Frameworks */,
			);
			sourceTree = "<group>";
		};
		129B2C302A7406CB00D73E71 /* Products */ = {
			isa = PBXGroup;
			children = (
				129B2C2F2A7406CB00D73E71 /* WeatherApp.app */,
			);
			name = Products;
			sourceTree = "<group>";
		};
		129B2C312A7406CB00D73E71 /* WeatherApp */ = {
			isa = PBXGroup;
			children = (
				129B2C462A7406E600D73E71 /* Model */,
				129B2C472A7406EE00D73E71 /* View */,
				129B2C482A74070000D73E71 /* ViewModel */,
				12E7D7CB2A773578007E1991 /* Resources */,
				126FEEF72A77E3D100CB1A1C /* Applications */,
				129B2C402A7406CE00D73E71 /* Info.plist */,
			);
			path = WeatherApp;
			sourceTree = "<group>";
		};
		129B2C462A7406E600D73E71 /* Model */ = {
			isa = PBXGroup;
			children = (
				12E7D7C72A771FA9007E1991 /* WeatherModel.swift */,
				12E7D7C92A7726BD007E1991 /* WeatherService.swift */,
			);
			path = Model;
			sourceTree = "<group>";
		};
		129B2C472A7406EE00D73E71 /* View */ = {
			isa = PBXGroup;
			children = (
				129B2C4B2A74095300D73E71 /* WeatherViewController.swift */,
			);
			path = View;
			sourceTree = "<group>";
		};
		129B2C482A74070000D73E71 /* ViewModel */ = {
			isa = PBXGroup;
			children = (
				12E7D7C52A771C59007E1991 /* WeatherViewModel.swift */,
				126FEEF52A773AA000CB1A1C /* Bindable.swift */,
			);
			path = ViewModel;
			sourceTree = "<group>";
		};
		12E7D7CB2A773578007E1991 /* Resources */ = {
			isa = PBXGroup;
			children = (
				12E7D7CC2A7735AF007E1991 /* Resources.swift */,
				129B2C3B2A7406CE00D73E71 /* Assets.xcassets */,
				129B2C382A7406CB00D73E71 /* Main.storyboard */,
				129B2C3D2A7406CE00D73E71 /* LaunchScreen.storyboard */,
			);
			path = Resources;
			sourceTree = "<group>";
		};
		778CCD2DE22A792D10BBB3EC /* Pods */ = {
			isa = PBXGroup;
			children = (
				241BFEB1EA254728DFAB574D /* Pods-WeatherApp.debug.xcconfig */,
				F4E9BC1DEA516670BB36A69A /* Pods-WeatherApp.release.xcconfig */,
			);
			path = Pods;
			sourceTree = "<group>";
		};
		E6425FD429CB8E5B30FCDCD9 /* Frameworks */ = {
			isa = PBXGroup;
			children = (
				7EC84835C1E025C4C989BE56 /* Pods_WeatherApp.framework */,
			);
			name = Frameworks;
			sourceTree = "<group>";
		};
/* End PBXGroup section */

/* Begin PBXNativeTarget section */
		129B2C2E2A7406CB00D73E71 /* WeatherApp */ = {
			isa = PBXNativeTarget;
			buildConfigurationList = 129B2C432A7406CE00D73E71 /* Build configuration list for PBXNativeTarget "WeatherApp" */;
			buildPhases = (
				B296A30385AC663470B740BE /* [CP] Check Pods Manifest.lock */,
				129B2C2B2A7406CB00D73E71 /* Sources */,
				129B2C2C2A7406CB00D73E71 /* Frameworks */,
				129B2C2D2A7406CB00D73E71 /* Resources */,
				F202A23A047B01A28063059B /* [CP] Embed Pods Frameworks */,
			);
			buildRules = (
			);
			dependencies = (
			);
			name = WeatherApp;
			productName = WeatherApp;
			productReference = 129B2C2F2A7406CB00D73E71 /* WeatherApp.app */;
			productType = "com.apple.product-type.application";
		};
/* End PBXNativeTarget section */

/* Begin PBXProject section */
		129B2C272A7406CB00D73E71 /* Project object */ = {
			isa = PBXProject;
			attributes = {
				BuildIndependentTargetsInParallel = 1;
				LastSwiftUpdateCheck = 1430;
				LastUpgradeCheck = 1430;
				TargetAttributes = {
					129B2C2E2A7406CB00D73E71 = {
						CreatedOnToolsVersion = 14.3.1;
					};
				};
			};
			buildConfigurationList = 129B2C2A2A7406CB00D73E71 /* Build configuration list for PBXProject "WeatherApp" */;
			compatibilityVersion = "Xcode 14.0";
			developmentRegion = en;
			hasScannedForEncodings = 0;
			knownRegions = (
				en,
				Base,
			);
			mainGroup = 129B2C262A7406CB00D73E71;
			productRefGroup = 129B2C302A7406CB00D73E71 /* Products */;
			projectDirPath = "";
			projectRoot = "";
			targets = (
				129B2C2E2A7406CB00D73E71 /* WeatherApp */,
			);
		};
/* End PBXProject section */

/* Begin PBXResourcesBuildPhase section */
		129B2C2D2A7406CB00D73E71 /* Resources */ = {
			isa = PBXResourcesBuildPhase;
			buildActionMask = 2147483647;
			files = (
				129B2C3F2A7406CE00D73E71 /* LaunchScreen.storyboard in Resources */,
				129B2C3C2A7406CE00D73E71 /* Assets.xcassets in Resources */,
				129B2C3A2A7406CB00D73E71 /* Main.storyboard in Resources */,
			);
			runOnlyForDeploymentPostprocessing = 0;
		};
/* End PBXResourcesBuildPhase section */

/* Begin PBXShellScriptBuildPhase section */
		B296A30385AC663470B740BE /* [CP] Check Pods Manifest.lock */ = {
			isa = PBXShellScriptBuildPhase;
			buildActionMask = 2147483647;
			files = (
			);
			inputFileListPaths = (
			);
			inputPaths = (
				"${PODS_PODFILE_DIR_PATH}/Podfile.lock",
				"${PODS_ROOT}/Manifest.lock",
			);
			name = "[CP] Check Pods Manifest.lock";
			outputFileListPaths = (
			);
			outputPaths = (
				"$(DERIVED_FILE_DIR)/Pods-WeatherApp-checkManifestLockResult.txt",
			);
			runOnlyForDeploymentPostprocessing = 0;
			shellPath = /bin/sh;
			shellScript = "diff \"${PODS_PODFILE_DIR_PATH}/Podfile.lock\" \"${PODS_ROOT}/Manifest.lock\" > /dev/null\nif [ $? != 0 ] ; then\n    # print error to STDERR\n    echo \"error: The sandbox is not in sync with the Podfile.lock. Run 'pod install' or update your CocoaPods installation.\" >&2\n    exit 1\nfi\n# This output is used by Xcode 'outputs' to avoid re-running this script phase.\necho \"SUCCESS\" > \"${SCRIPT_OUTPUT_FILE_0}\"\n";
			showEnvVarsInLog = 0;
		};
		F202A23A047B01A28063059B /* [CP] Embed Pods Frameworks */ = {
			isa = PBXShellScriptBuildPhase;
			buildActionMask = 2147483647;
			files = (
			);
			inputFileListPaths = (
				"${PODS_ROOT}/Target Support Files/Pods-WeatherApp/Pods-WeatherApp-frameworks-${CONFIGURATION}-input-files.xcfilelist",
			);
			name = "[CP] Embed Pods Frameworks";
			outputFileListPaths = (
				"${PODS_ROOT}/Target Support Files/Pods-WeatherApp/Pods-WeatherApp-frameworks-${CONFIGURATION}-output-files.xcfilelist",
			);
			runOnlyForDeploymentPostprocessing = 0;
			shellPath = /bin/sh;
			shellScript = "\"${PODS_ROOT}/Target Support Files/Pods-WeatherApp/Pods-WeatherApp-frameworks.sh\"\n";
			showEnvVarsInLog = 0;
		};
/* End PBXShellScriptBuildPhase section */

/* Begin PBXSourcesBuildPhase section */
		129B2C2B2A7406CB00D73E71 /* Sources */ = {
			isa = PBXSourcesBuildPhase;
			buildActionMask = 2147483647;
			files = (
				12E7D7CA2A7726BD007E1991 /* WeatherService.swift in Sources */,
				12E7D7C62A771C59007E1991 /* WeatherViewModel.swift in Sources */,
				126FEEF62A773AA000CB1A1C /* Bindable.swift in Sources */,
				12E7D7CD2A7735AF007E1991 /* Resources.swift in Sources */,
				129B2C332A7406CB00D73E71 /* AppDelegate.swift in Sources */,
				12E7D7C82A771FA9007E1991 /* WeatherModel.swift in Sources */,
				129B2C352A7406CB00D73E71 /* SceneDelegate.swift in Sources */,
				129B2C4C2A74095300D73E71 /* WeatherViewController.swift in Sources */,
			);
			runOnlyForDeploymentPostprocessing = 0;
		};
/* End PBXSourcesBuildPhase section */

/* Begin PBXVariantGroup section */
		129B2C382A7406CB00D73E71 /* Main.storyboard */ = {
			isa = PBXVariantGroup;
			children = (
				129B2C392A7406CB00D73E71 /* Base */,
			);
			name = Main.storyboard;
			sourceTree = "<group>";
		};
		129B2C3D2A7406CE00D73E71 /* LaunchScreen.storyboard */ = {
			isa = PBXVariantGroup;
			children = (
				129B2C3E2A7406CE00D73E71 /* Base */,
			);
			name = LaunchScreen.storyboard;
			sourceTree = "<group>";
		};
/* End PBXVariantGroup section */

/* Begin XCBuildConfiguration section */
		129B2C412A7406CE00D73E71 /* Debug */ = {
			isa = XCBuildConfiguration;
			buildSettings = {
				ALWAYS_SEARCH_USER_PATHS = NO;
				CLANG_ANALYZER_NONNULL = YES;
				CLANG_ANALYZER_NUMBER_OBJECT_CONVERSION = YES_AGGRESSIVE;
				CLANG_CXX_LANGUAGE_STANDARD = "gnu++20";
				CLANG_ENABLE_MODULES = YES;
				CLANG_ENABLE_OBJC_ARC = YES;
				CLANG_ENABLE_OBJC_WEAK = YES;
				CLANG_WARN_BLOCK_CAPTURE_AUTORELEASING = YES;
				CLANG_WARN_BOOL_CONVERSION = YES;
				CLANG_WARN_COMMA = YES;
				CLANG_WARN_CONSTANT_CONVERSION = YES;
				CLANG_WARN_DEPRECATED_OBJC_IMPLEMENTATIONS = YES;
				CLANG_WARN_DIRECT_OBJC_ISA_USAGE = YES_ERROR;
				CLANG_WARN_DOCUMENTATION_COMMENTS = YES;
				CLANG_WARN_EMPTY_BODY = YES;
				CLANG_WARN_ENUM_CONVERSION = YES;
				CLANG_WARN_INFINITE_RECURSION = YES;
				CLANG_WARN_INT_CONVERSION = YES;
				CLANG_WARN_NON_LITERAL_NULL_CONVERSION = YES;
				CLANG_WARN_OBJC_IMPLICIT_RETAIN_SELF = YES;
				CLANG_WARN_OBJC_LITERAL_CONVERSION = YES;
				CLANG_WARN_OBJC_ROOT_CLASS = YES_ERROR;
				CLANG_WARN_QUOTED_INCLUDE_IN_FRAMEWORK_HEADER = YES;
				CLANG_WARN_RANGE_LOOP_ANALYSIS = YES;
				CLANG_WARN_STRICT_PROTOTYPES = YES;
				CLANG_WARN_SUSPICIOUS_MOVE = YES;
				CLANG_WARN_UNGUARDED_AVAILABILITY = YES_AGGRESSIVE;
				CLANG_WARN_UNREACHABLE_CODE = YES;
				CLANG_WARN__DUPLICATE_METHOD_MATCH = YES;
				COPY_PHASE_STRIP = NO;
				DEBUG_INFORMATION_FORMAT = dwarf;
				ENABLE_STRICT_OBJC_MSGSEND = YES;
				ENABLE_TESTABILITY = YES;
				GCC_C_LANGUAGE_STANDARD = gnu11;
				GCC_DYNAMIC_NO_PIC = NO;
				GCC_NO_COMMON_BLOCKS = YES;
				GCC_OPTIMIZATION_LEVEL = 0;
				GCC_PREPROCESSOR_DEFINITIONS = (
					"DEBUG=1",
					"$(inherited)",
				);
				GCC_WARN_64_TO_32_BIT_CONVERSION = YES;
				GCC_WARN_ABOUT_RETURN_TYPE = YES_ERROR;
				GCC_WARN_UNDECLARED_SELECTOR = YES;
				GCC_WARN_UNINITIALIZED_AUTOS = YES_AGGRESSIVE;
				GCC_WARN_UNUSED_FUNCTION = YES;
				GCC_WARN_UNUSED_VARIABLE = YES;
				IPHONEOS_DEPLOYMENT_TARGET = 16.4;
				MTL_ENABLE_DEBUG_INFO = INCLUDE_SOURCE;
				MTL_FAST_MATH = YES;
				ONLY_ACTIVE_ARCH = YES;
				SDKROOT = iphoneos;
				SWIFT_ACTIVE_COMPILATION_CONDITIONS = DEBUG;
				SWIFT_OPTIMIZATION_LEVEL = "-Onone";
			};
			name = Debug;
		};
		129B2C422A7406CE00D73E71 /* Release */ = {
			isa = XCBuildConfiguration;
			buildSettings = {
				ALWAYS_SEARCH_USER_PATHS = NO;
				CLANG_ANALYZER_NONNULL = YES;
				CLANG_ANALYZER_NUMBER_OBJECT_CONVERSION = YES_AGGRESSIVE;
				CLANG_CXX_LANGUAGE_STANDARD = "gnu++20";
				CLANG_ENABLE_MODULES = YES;
				CLANG_ENABLE_OBJC_ARC = YES;
				CLANG_ENABLE_OBJC_WEAK = YES;
				CLANG_WARN_BLOCK_CAPTURE_AUTORELEASING = YES;
				CLANG_WARN_BOOL_CONVERSION = YES;
				CLANG_WARN_COMMA = YES;
				CLANG_WARN_CONSTANT_CONVERSION = YES;
				CLANG_WARN_DEPRECATED_OBJC_IMPLEMENTATIONS = YES;
				CLANG_WARN_DIRECT_OBJC_ISA_USAGE = YES_ERROR;
				CLANG_WARN_DOCUMENTATION_COMMENTS = YES;
				CLANG_WARN_EMPTY_BODY = YES;
				CLANG_WARN_ENUM_CONVERSION = YES;
				CLANG_WARN_INFINITE_RECURSION = YES;
				CLANG_WARN_INT_CONVERSION = YES;
				CLANG_WARN_NON_LITERAL_NULL_CONVERSION = YES;
				CLANG_WARN_OBJC_IMPLICIT_RETAIN_SELF = YES;
				CLANG_WARN_OBJC_LITERAL_CONVERSION = YES;
				CLANG_WARN_OBJC_ROOT_CLASS = YES_ERROR;
				CLANG_WARN_QUOTED_INCLUDE_IN_FRAMEWORK_HEADER = YES;
				CLANG_WARN_RANGE_LOOP_ANALYSIS = YES;
				CLANG_WARN_STRICT_PROTOTYPES = YES;
				CLANG_WARN_SUSPICIOUS_MOVE = YES;
				CLANG_WARN_UNGUARDED_AVAILABILITY = YES_AGGRESSIVE;
				CLANG_WARN_UNREACHABLE_CODE = YES;
				CLANG_WARN__DUPLICATE_METHOD_MATCH = YES;
				COPY_PHASE_STRIP = NO;
				DEBUG_INFORMATION_FORMAT = "dwarf-with-dsym";
				ENABLE_NS_ASSERTIONS = NO;
				ENABLE_STRICT_OBJC_MSGSEND = YES;
				GCC_C_LANGUAGE_STANDARD = gnu11;
				GCC_NO_COMMON_BLOCKS = YES;
				GCC_WARN_64_TO_32_BIT_CONVERSION = YES;
				GCC_WARN_ABOUT_RETURN_TYPE = YES_ERROR;
				GCC_WARN_UNDECLARED_SELECTOR = YES;
				GCC_WARN_UNINITIALIZED_AUTOS = YES_AGGRESSIVE;
				GCC_WARN_UNUSED_FUNCTION = YES;
				GCC_WARN_UNUSED_VARIABLE = YES;
				IPHONEOS_DEPLOYMENT_TARGET = 16.4;
				MTL_ENABLE_DEBUG_INFO = NO;
				MTL_FAST_MATH = YES;
				SDKROOT = iphoneos;
				SWIFT_COMPILATION_MODE = wholemodule;
				SWIFT_OPTIMIZATION_LEVEL = "-O";
				VALIDATE_PRODUCT = YES;
			};
			name = Release;
		};
		129B2C442A7406CE00D73E71 /* Debug */ = {
			isa = XCBuildConfiguration;
			baseConfigurationReference = 241BFEB1EA254728DFAB574D /* Pods-WeatherApp.debug.xcconfig */;
			buildSettings = {
				ASSETCATALOG_COMPILER_APPICON_NAME = AppIcon;
				ASSETCATALOG_COMPILER_GLOBAL_ACCENT_COLOR_NAME = AccentColor;
				CODE_SIGN_STYLE = Automatic;
				CURRENT_PROJECT_VERSION = 1;
				DEVELOPMENT_TEAM = DBATM84U99;
				GENERATE_INFOPLIST_FILE = YES;
				INFOPLIST_FILE = WeatherApp/Info.plist;
				INFOPLIST_KEY_UIApplicationSupportsIndirectInputEvents = YES;
				INFOPLIST_KEY_UILaunchStoryboardName = LaunchScreen;
				INFOPLIST_KEY_UISupportedInterfaceOrientations = UIInterfaceOrientationPortrait;
				INFOPLIST_KEY_UISupportedInterfaceOrientations_iPad = "UIInterfaceOrientationLandscapeLeft UIInterfaceOrientationLandscapeRight UIInterfaceOrientationPortrait UIInterfaceOrientationPortraitUpsideDown";
				IPHONEOS_DEPLOYMENT_TARGET = 14.4;
				LD_RUNPATH_SEARCH_PATHS = (
					"$(inherited)",
					"@executable_path/Frameworks",
				);
				MARKETING_VERSION = 1.0;
				PRODUCT_BUNDLE_IDENTIFIER = RogulevS.WeatherApp;
				PRODUCT_NAME = "$(TARGET_NAME)";
				SUPPORTED_PLATFORMS = "iphoneos iphonesimulator";
				SUPPORTS_MACCATALYST = NO;
				SUPPORTS_MAC_DESIGNED_FOR_IPHONE_IPAD = NO;
				SWIFT_EMIT_LOC_STRINGS = YES;
				SWIFT_VERSION = 5.0;
				TARGETED_DEVICE_FAMILY = 1;
			};
			name = Debug;
		};
		129B2C452A7406CE00D73E71 /* Release */ = {
			isa = XCBuildConfiguration;
			baseConfigurationReference = F4E9BC1DEA516670BB36A69A /* Pods-WeatherApp.release.xcconfig */;
			buildSettings = {
				ASSETCATALOG_COMPILER_APPICON_NAME = AppIcon;
				ASSETCATALOG_COMPILER_GLOBAL_ACCENT_COLOR_NAME = AccentColor;
				CODE_SIGN_STYLE = Automatic;
				CURRENT_PROJECT_VERSION = 1;
				DEVELOPMENT_TEAM = DBATM84U99;
				GENERATE_INFOPLIST_FILE = YES;
				INFOPLIST_FILE = WeatherApp/Info.plist;
				INFOPLIST_KEY_UIApplicationSupportsIndirectInputEvents = YES;
				INFOPLIST_KEY_UILaunchStoryboardName = LaunchScreen;
				INFOPLIST_KEY_UISupportedInterfaceOrientations = UIInterfaceOrientationPortrait;
				INFOPLIST_KEY_UISupportedInterfaceOrientations_iPad = "UIInterfaceOrientationLandscapeLeft UIInterfaceOrientationLandscapeRight UIInterfaceOrientationPortrait UIInterfaceOrientationPortraitUpsideDown";
				IPHONEOS_DEPLOYMENT_TARGET = 14.4;
				LD_RUNPATH_SEARCH_PATHS = (
					"$(inherited)",
					"@executable_path/Frameworks",
				);
				MARKETING_VERSION = 1.0;
				PRODUCT_BUNDLE_IDENTIFIER = RogulevS.WeatherApp;
				PRODUCT_NAME = "$(TARGET_NAME)";
				SUPPORTED_PLATFORMS = "iphoneos iphonesimulator";
				SUPPORTS_MACCATALYST = NO;
				SUPPORTS_MAC_DESIGNED_FOR_IPHONE_IPAD = NO;
				SWIFT_EMIT_LOC_STRINGS = YES;
				SWIFT_VERSION = 5.0;
				TARGETED_DEVICE_FAMILY = 1;
			};
			name = Release;
		};
/* End XCBuildConfiguration section */

/* Begin XCConfigurationList section */
		129B2C2A2A7406CB00D73E71 /* Build configuration list for PBXProject "WeatherApp" */ = {
			isa = XCConfigurationList;
			buildConfigurations = (
				129B2C412A7406CE00D73E71 /* Debug */,
				129B2C422A7406CE00D73E71 /* Release */,
			);
			defaultConfigurationIsVisible = 0;
			defaultConfigurationName = Release;
		};
		129B2C432A7406CE00D73E71 /* Build configuration list for PBXNativeTarget "WeatherApp" */ = {
			isa = XCConfigurationList;
			buildConfigurations = (
				129B2C442A7406CE00D73E71 /* Debug */,
				129B2C452A7406CE00D73E71 /* Release */,
			);
			defaultConfigurationIsVisible = 0;
			defaultConfigurationName = Release;
		};
/* End XCConfigurationList section */
	};
	rootObject = 129B2C272A7406CB00D73E71 /* Project object */;
}
